// !$*UTF8*$!
{
	archiveVersion = 1;
	classes = {
	};
	objectVersion = 46;
	objects = {

/* Begin PBXBuildFile section */
		1E06FC1021FC1CDB00B5ECE0 /* MenuItemViewModel.swift in Sources */ = {isa = PBXBuildFile; fileRef = 1E06FC0F21FC1CDB00B5ECE0 /* MenuItemViewModel.swift */; };
		1E06FC1421FC1D4B00B5ECE0 /* StationViewModel.swift in Sources */ = {isa = PBXBuildFile; fileRef = 1E06FC1321FC1D4B00B5ECE0 /* StationViewModel.swift */; };
		1E06FC1621FC296600B5ECE0 /* indicator@2x.png in Resources */ = {isa = PBXBuildFile; fileRef = 1E1EA5F91D837FA600D1B52F /* indicator@2x.png */; };
		1E1EA5F01D837F9200D1B52F /* AppDelegate.swift in Sources */ = {isa = PBXBuildFile; fileRef = 1E1EA5E91D837F9200D1B52F /* AppDelegate.swift */; };
		1E1EA5F11D837F9200D1B52F /* Downloader.swift in Sources */ = {isa = PBXBuildFile; fileRef = 1E1EA5EA1D837F9200D1B52F /* Downloader.swift */; };
		1E1EA5F21D837F9200D1B52F /* MenuItem.swift in Sources */ = {isa = PBXBuildFile; fileRef = 1E1EA5EB1D837F9200D1B52F /* MenuItem.swift */; };
		1E1EA5F31D837F9200D1B52F /* MenuItemTableViewCell.swift in Sources */ = {isa = PBXBuildFile; fileRef = 1E1EA5EC1D837F9200D1B52F /* MenuItemTableViewCell.swift */; };
		1E1EA5F41D837F9200D1B52F /* MenuViewController.swift in Sources */ = {isa = PBXBuildFile; fileRef = 1E1EA5ED1D837F9200D1B52F /* MenuViewController.swift */; };
		1E1EA5F51D837F9200D1B52F /* Station.swift in Sources */ = {isa = PBXBuildFile; fileRef = 1E1EA5EE1D837F9200D1B52F /* Station.swift */; };
		1E1EA5F61D837F9200D1B52F /* StationTableViewCell.swift in Sources */ = {isa = PBXBuildFile; fileRef = 1E1EA5EF1D837F9200D1B52F /* StationTableViewCell.swift */; };
		1E1EA5FA1D837FA600D1B52F /* calendar@2x.png in Resources */ = {isa = PBXBuildFile; fileRef = 1E1EA5F71D837FA600D1B52F /* calendar@2x.png */; };
		1E1EA5FB1D837FA600D1B52F /* indicator_up@2x.png in Resources */ = {isa = PBXBuildFile; fileRef = 1E1EA5F81D837FA600D1B52F /* indicator_up@2x.png */; };
		1E235D4E1D820CBA00FE12B8 /* Assets.xcassets in Resources */ = {isa = PBXBuildFile; fileRef = 1E235D4D1D820CBA00FE12B8 /* Assets.xcassets */; };
		1EBFE9E621FC2AB40042CEA6 /* LaunchScreen.storyboard in Resources */ = {isa = PBXBuildFile; fileRef = 1EBFE9E521FC2AB40042CEA6 /* LaunchScreen.storyboard */; };
		1EED83951D82F639003D242C /* Storyboard.storyboard in Resources */ = {isa = PBXBuildFile; fileRef = 1EED83941D82F639003D242C /* Storyboard.storyboard */; };
		1EED83A11D82FD10003D242C /* Comfortaa_Regular.ttf in Resources */ = {isa = PBXBuildFile; fileRef = 1E235D661D820CE900FE12B8 /* Comfortaa_Regular.ttf */; };
		DEE2F986163AFF4123C5EC56 /* Pods_GustieMenu.framework in Frameworks */ = {isa = PBXBuildFile; fileRef = ABF3E4AD40156B5577ACE620 /* Pods_GustieMenu.framework */; };
/* End PBXBuildFile section */

/* Begin PBXFileReference section */
		1E06FC0F21FC1CDB00B5ECE0 /* MenuItemViewModel.swift */ = {isa = PBXFileReference; lastKnownFileType = sourcecode.swift; name = MenuItemViewModel.swift; path = MenuItemViewModel.swift; sourceTree = "<group>"; };
		1E06FC1321FC1D4B00B5ECE0 /* StationViewModel.swift */ = {isa = PBXFileReference; lastKnownFileType = sourcecode.swift; path = StationViewModel.swift; sourceTree = "<group>"; };
		1E1EA5E91D837F9200D1B52F /* AppDelegate.swift */ = {isa = PBXFileReference; fileEncoding = 4; lastKnownFileType = sourcecode.swift; path = AppDelegate.swift; sourceTree = "<group>"; };
		1E1EA5EA1D837F9200D1B52F /* Downloader.swift */ = {isa = PBXFileReference; fileEncoding = 4; lastKnownFileType = sourcecode.swift; path = Downloader.swift; sourceTree = "<group>"; };
		1E1EA5EB1D837F9200D1B52F /* MenuItem.swift */ = {isa = PBXFileReference; fileEncoding = 4; lastKnownFileType = sourcecode.swift; path = MenuItem.swift; sourceTree = "<group>"; };
		1E1EA5EC1D837F9200D1B52F /* MenuItemTableViewCell.swift */ = {isa = PBXFileReference; fileEncoding = 4; lastKnownFileType = sourcecode.swift; path = MenuItemTableViewCell.swift; sourceTree = "<group>"; };
		1E1EA5ED1D837F9200D1B52F /* MenuViewController.swift */ = {isa = PBXFileReference; fileEncoding = 4; lastKnownFileType = sourcecode.swift; path = MenuViewController.swift; sourceTree = "<group>"; };
		1E1EA5EE1D837F9200D1B52F /* Station.swift */ = {isa = PBXFileReference; fileEncoding = 4; lastKnownFileType = sourcecode.swift; path = Station.swift; sourceTree = "<group>"; };
		1E1EA5EF1D837F9200D1B52F /* StationTableViewCell.swift */ = {isa = PBXFileReference; fileEncoding = 4; lastKnownFileType = sourcecode.swift; path = StationTableViewCell.swift; sourceTree = "<group>"; };
		1E1EA5F71D837FA600D1B52F /* calendar@2x.png */ = {isa = PBXFileReference; lastKnownFileType = image.png; path = "calendar@2x.png"; sourceTree = "<group>"; };
		1E1EA5F81D837FA600D1B52F /* indicator_up@2x.png */ = {isa = PBXFileReference; lastKnownFileType = image.png; path = "indicator_up@2x.png"; sourceTree = "<group>"; };
		1E1EA5F91D837FA600D1B52F /* indicator@2x.png */ = {isa = PBXFileReference; lastKnownFileType = image.png; path = "indicator@2x.png"; sourceTree = "<group>"; };
		1E235D431D820CBA00FE12B8 /* GustieMenu.app */ = {isa = PBXFileReference; explicitFileType = wrapper.application; includeInIndex = 0; path = GustieMenu.app; sourceTree = BUILT_PRODUCTS_DIR; };
		1E235D4D1D820CBA00FE12B8 /* Assets.xcassets */ = {isa = PBXFileReference; lastKnownFileType = folder.assetcatalog; path = Assets.xcassets; sourceTree = "<group>"; };
		1E235D521D820CBA00FE12B8 /* Info.plist */ = {isa = PBXFileReference; lastKnownFileType = text.plist.xml; path = Info.plist; sourceTree = "<group>"; };
		1E235D661D820CE900FE12B8 /* Comfortaa_Regular.ttf */ = {isa = PBXFileReference; lastKnownFileType = file; path = Comfortaa_Regular.ttf; sourceTree = "<group>"; };
		1EBFE9E521FC2AB40042CEA6 /* LaunchScreen.storyboard */ = {isa = PBXFileReference; fileEncoding = 4; lastKnownFileType = file.storyboard; path = LaunchScreen.storyboard; sourceTree = "<group>"; };
		1EED83941D82F639003D242C /* Storyboard.storyboard */ = {isa = PBXFileReference; fileEncoding = 4; lastKnownFileType = file.storyboard; path = Storyboard.storyboard; sourceTree = "<group>"; };
		66B2F4F5221EB8D09FDA1730 /* Pods-GustieMenu.debug.xcconfig */ = {isa = PBXFileReference; includeInIndex = 1; lastKnownFileType = text.xcconfig; name = "Pods-GustieMenu.debug.xcconfig"; path = "Pods/Target Support Files/Pods-GustieMenu/Pods-GustieMenu.debug.xcconfig"; sourceTree = "<group>"; };
		A66A7D02EC2F90A3951A403F /* Pods-GustieMenu.release.xcconfig */ = {isa = PBXFileReference; includeInIndex = 1; lastKnownFileType = text.xcconfig; name = "Pods-GustieMenu.release.xcconfig"; path = "Pods/Target Support Files/Pods-GustieMenu/Pods-GustieMenu.release.xcconfig"; sourceTree = "<group>"; };
		ABF3E4AD40156B5577ACE620 /* Pods_GustieMenu.framework */ = {isa = PBXFileReference; explicitFileType = wrapper.framework; includeInIndex = 0; path = Pods_GustieMenu.framework; sourceTree = BUILT_PRODUCTS_DIR; };
/* End PBXFileReference section */

/* Begin PBXFrameworksBuildPhase section */
		1E235D401D820CBA00FE12B8 /* Frameworks */ = {
			isa = PBXFrameworksBuildPhase;
			buildActionMask = 2147483647;
			files = (
				DEE2F986163AFF4123C5EC56 /* Pods_GustieMenu.framework in Frameworks */,
			);
			runOnlyForDeploymentPostprocessing = 0;
		};
/* End PBXFrameworksBuildPhase section */

/* Begin PBXGroup section */
		08D12525BF0780FA1FA705B8 /* Frameworks */ = {
			isa = PBXGroup;
			children = (
				ABF3E4AD40156B5577ACE620 /* Pods_GustieMenu.framework */,
			);
			name = Frameworks;
			sourceTree = "<group>";
		};
		1E06FC1121FC1D1300B5ECE0 /* Data */ = {
			isa = PBXGroup;
			children = (
				1E1EA5EB1D837F9200D1B52F /* MenuItem.swift */,
				1E1EA5EE1D837F9200D1B52F /* Station.swift */,
			);
			path = Data;
			sourceTree = "<group>";
		};
		1E06FC1221FC1D2B00B5ECE0 /* View */ = {
			isa = PBXGroup;
			children = (
				1EED83941D82F639003D242C /* Storyboard.storyboard */,
				1E1EA5EC1D837F9200D1B52F /* MenuItemTableViewCell.swift */,
				1E06FC0F21FC1CDB00B5ECE0 /* MenuItemViewModel.swift */,
				1E1EA5ED1D837F9200D1B52F /* MenuViewController.swift */,
				1E1EA5EF1D837F9200D1B52F /* StationTableViewCell.swift */,
				1E06FC1321FC1D4B00B5ECE0 /* StationViewModel.swift */,
			);
			path = View;
			sourceTree = "<group>";
		};
		1E06FC1521FC1DB100B5ECE0 /* Resources */ = {
			isa = PBXGroup;
			children = (
				1EBFE9E521FC2AB40042CEA6 /* LaunchScreen.storyboard */,
				1E235D521D820CBA00FE12B8 /* Info.plist */,
				1EED83961D82F7EE003D242C /* Images */,
				1E235D671D820CF000FE12B8 /* Fonts */,
			);
			path = Resources;
			sourceTree = "<group>";
		};
		1E235D3A1D820CBA00FE12B8 = {
			isa = PBXGroup;
			children = (
				1E235D451D820CBA00FE12B8 /* GustieMenu */,
				1E235D441D820CBA00FE12B8 /* Products */,
				B4F229DBACE6798D1BD44C7D /* Pods */,
				08D12525BF0780FA1FA705B8 /* Frameworks */,
			);
			sourceTree = "<group>";
		};
		1E235D441D820CBA00FE12B8 /* Products */ = {
			isa = PBXGroup;
			children = (
				1E235D431D820CBA00FE12B8 /* GustieMenu.app */,
			);
			name = Products;
			sourceTree = "<group>";
		};
		1E235D451D820CBA00FE12B8 /* GustieMenu */ = {
			isa = PBXGroup;
			children = (
				1E1EA5E91D837F9200D1B52F /* AppDelegate.swift */,
				1E1EA5EA1D837F9200D1B52F /* Downloader.swift */,
				1E06FC1121FC1D1300B5ECE0 /* Data */,
				1E06FC1521FC1DB100B5ECE0 /* Resources */,
				1E06FC1221FC1D2B00B5ECE0 /* View */,
			);
			path = GustieMenu;
			sourceTree = "<group>";
		};
		1E235D671D820CF000FE12B8 /* Fonts */ = {
			isa = PBXGroup;
			children = (
				1E235D661D820CE900FE12B8 /* Comfortaa_Regular.ttf */,
			);
			path = Fonts;
			sourceTree = "<group>";
		};
		1EED83961D82F7EE003D242C /* Images */ = {
			isa = PBXGroup;
			children = (
				1E1EA5F71D837FA600D1B52F /* calendar@2x.png */,
				1E1EA5F81D837FA600D1B52F /* indicator_up@2x.png */,
				1E1EA5F91D837FA600D1B52F /* indicator@2x.png */,
				1E235D4D1D820CBA00FE12B8 /* Assets.xcassets */,
			);
			path = Images;
			sourceTree = "<group>";
		};
		B4F229DBACE6798D1BD44C7D /* Pods */ = {
			isa = PBXGroup;
			children = (
				66B2F4F5221EB8D09FDA1730 /* Pods-GustieMenu.debug.xcconfig */,
				A66A7D02EC2F90A3951A403F /* Pods-GustieMenu.release.xcconfig */,
			);
			name = Pods;
			sourceTree = "<group>";
		};
/* End PBXGroup section */

/* Begin PBXNativeTarget section */
		1E235D421D820CBA00FE12B8 /* GustieMenu */ = {
			isa = PBXNativeTarget;
			buildConfigurationList = 1E235D601D820CBA00FE12B8 /* Build configuration list for PBXNativeTarget "GustieMenu" */;
			buildPhases = (
				CAD7C628E1CF4493A0CFC62E /* [CP] Check Pods Manifest.lock */,
				1E235D3F1D820CBA00FE12B8 /* Sources */,
				1E235D401D820CBA00FE12B8 /* Frameworks */,
				1E235D411D820CBA00FE12B8 /* Resources */,
				EE0497BB2EB3C8CF8A07AA5B /* [CP] Embed Pods Frameworks */,
			);
			buildRules = (
			);
			dependencies = (
			);
			name = GustieMenu;
			productName = GustieMenu;
			productReference = 1E235D431D820CBA00FE12B8 /* GustieMenu.app */;
			productType = "com.apple.product-type.application";
		};
/* End PBXNativeTarget section */

/* Begin PBXProject section */
		1E235D3B1D820CBA00FE12B8 /* Project object */ = {
			isa = PBXProject;
			attributes = {
				LastSwiftUpdateCheck = 0730;
				LastUpgradeCheck = 0730;
				ORGANIZATIONNAME = "Tucker Saude";
				TargetAttributes = {
					1E235D421D820CBA00FE12B8 = {
						CreatedOnToolsVersion = 7.3.1;
						DevelopmentTeam = WXBH4AY56B;
					};
				};
			};
			buildConfigurationList = 1E235D3E1D820CBA00FE12B8 /* Build configuration list for PBXProject "GustieMenu" */;
			compatibilityVersion = "Xcode 3.2";
			developmentRegion = English;
			hasScannedForEncodings = 0;
			knownRegions = (
				en,
				Base,
			);
			mainGroup = 1E235D3A1D820CBA00FE12B8;
			productRefGroup = 1E235D441D820CBA00FE12B8 /* Products */;
			projectDirPath = "";
			projectRoot = "";
			targets = (
				1E235D421D820CBA00FE12B8 /* GustieMenu */,
			);
		};
/* End PBXProject section */

/* Begin PBXResourcesBuildPhase section */
		1E235D411D820CBA00FE12B8 /* Resources */ = {
			isa = PBXResourcesBuildPhase;
			buildActionMask = 2147483647;
			files = (
				1EED83A11D82FD10003D242C /* Comfortaa_Regular.ttf in Resources */,
				1E06FC1621FC296600B5ECE0 /* indicator@2x.png in Resources */,
				1E1EA5FB1D837FA600D1B52F /* indicator_up@2x.png in Resources */,
				1EED83951D82F639003D242C /* Storyboard.storyboard in Resources */,
				1EBFE9E621FC2AB40042CEA6 /* LaunchScreen.storyboard in Resources */,
				1E235D4E1D820CBA00FE12B8 /* Assets.xcassets in Resources */,
				1E1EA5FA1D837FA600D1B52F /* calendar@2x.png in Resources */,
			);
			runOnlyForDeploymentPostprocessing = 0;
		};
/* End PBXResourcesBuildPhase section */

/* Begin PBXShellScriptBuildPhase section */
		CAD7C628E1CF4493A0CFC62E /* [CP] Check Pods Manifest.lock */ = {
			isa = PBXShellScriptBuildPhase;
			buildActionMask = 2147483647;
			files = (
			);
			inputPaths = (
				"${PODS_PODFILE_DIR_PATH}/Podfile.lock",
				"${PODS_ROOT}/Manifest.lock",
			);
			name = "[CP] Check Pods Manifest.lock";
			outputPaths = (
				"$(DERIVED_FILE_DIR)/Pods-GustieMenu-checkManifestLockResult.txt",
			);
			runOnlyForDeploymentPostprocessing = 0;
			shellPath = /bin/sh;
			shellScript = "diff \"${PODS_PODFILE_DIR_PATH}/Podfile.lock\" \"${PODS_ROOT}/Manifest.lock\" > /dev/null\nif [ $? != 0 ] ; then\n    # print error to STDERR\n    echo \"error: The sandbox is not in sync with the Podfile.lock. Run 'pod install' or update your CocoaPods installation.\" >&2\n    exit 1\nfi\n# This output is used by Xcode 'outputs' to avoid re-running this script phase.\necho \"SUCCESS\" > \"${SCRIPT_OUTPUT_FILE_0}\"\n";
			showEnvVarsInLog = 0;
		};
		EE0497BB2EB3C8CF8A07AA5B /* [CP] Embed Pods Frameworks */ = {
			isa = PBXShellScriptBuildPhase;
			buildActionMask = 2147483647;
			files = (
			);
			inputPaths = (
				"${SRCROOT}/Pods/Target Support Files/Pods-GustieMenu/Pods-GustieMenu-frameworks.sh",
				"${BUILT_PRODUCTS_DIR}/Alamofire/Alamofire.framework",
				"${BUILT_PRODUCTS_DIR}/KNSemiModalViewController_hons82/KNSemiModalViewController_hons82.framework",
				"${BUILT_PRODUCTS_DIR}/THCalendarDatePicker/THCalendarDatePicker.framework",
			);
			name = "[CP] Embed Pods Frameworks";
			outputPaths = (
				"${TARGET_BUILD_DIR}/${FRAMEWORKS_FOLDER_PATH}/Alamofire.framework",
				"${TARGET_BUILD_DIR}/${FRAMEWORKS_FOLDER_PATH}/KNSemiModalViewController_hons82.framework",
				"${TARGET_BUILD_DIR}/${FRAMEWORKS_FOLDER_PATH}/THCalendarDatePicker.framework",
			);
			runOnlyForDeploymentPostprocessing = 0;
			shellPath = /bin/sh;
			shellScript = "\"${SRCROOT}/Pods/Target Support Files/Pods-GustieMenu/Pods-GustieMenu-frameworks.sh\"\n";
			showEnvVarsInLog = 0;
		};
/* End PBXShellScriptBuildPhase section */

/* Begin PBXSourcesBuildPhase section */
		1E235D3F1D820CBA00FE12B8 /* Sources */ = {
			isa = PBXSourcesBuildPhase;
			buildActionMask = 2147483647;
			files = (
				1E06FC1421FC1D4B00B5ECE0 /* StationViewModel.swift in Sources */,
				1E1EA5F21D837F9200D1B52F /* MenuItem.swift in Sources */,
				1E1EA5F41D837F9200D1B52F /* MenuViewController.swift in Sources */,
				1E06FC1021FC1CDB00B5ECE0 /* MenuItemViewModel.swift in Sources */,
				1E1EA5F31D837F9200D1B52F /* MenuItemTableViewCell.swift in Sources */,
				1E1EA5F61D837F9200D1B52F /* StationTableViewCell.swift in Sources */,
				1E1EA5F11D837F9200D1B52F /* Downloader.swift in Sources */,
				1E1EA5F51D837F9200D1B52F /* Station.swift in Sources */,
				1E1EA5F01D837F9200D1B52F /* AppDelegate.swift in Sources */,
			);
			runOnlyForDeploymentPostprocessing = 0;
		};
/* End PBXSourcesBuildPhase section */

/* Begin XCBuildConfiguration section */
		1E235D5E1D820CBA00FE12B8 /* Debug */ = {
			isa = XCBuildConfiguration;
			buildSettings = {
				ALWAYS_SEARCH_USER_PATHS = NO;
				CLANG_ANALYZER_NONNULL = YES;
				CLANG_CXX_LANGUAGE_STANDARD = "gnu++0x";
				CLANG_CXX_LIBRARY = "libc++";
				CLANG_ENABLE_MODULES = YES;
				CLANG_ENABLE_OBJC_ARC = YES;
				CLANG_WARN_BOOL_CONVERSION = YES;
				CLANG_WARN_CONSTANT_CONVERSION = YES;
				CLANG_WARN_DIRECT_OBJC_ISA_USAGE = YES_ERROR;
				CLANG_WARN_EMPTY_BODY = YES;
				CLANG_WARN_ENUM_CONVERSION = YES;
				CLANG_WARN_INT_CONVERSION = YES;
				CLANG_WARN_OBJC_ROOT_CLASS = YES_ERROR;
				CLANG_WARN_UNREACHABLE_CODE = YES;
				CLANG_WARN__DUPLICATE_METHOD_MATCH = YES;
				"CODE_SIGN_IDENTITY[sdk=iphoneos*]" = "iPhone Developer";
				COPY_PHASE_STRIP = NO;
				DEBUG_INFORMATION_FORMAT = dwarf;
				ENABLE_STRICT_OBJC_MSGSEND = YES;
				ENABLE_TESTABILITY = YES;
				GCC_C_LANGUAGE_STANDARD = gnu99;
				GCC_DYNAMIC_NO_PIC = NO;
				GCC_NO_COMMON_BLOCKS = YES;
				GCC_OPTIMIZATION_LEVEL = 0;
				GCC_PREPROCESSOR_DEFINITIONS = (
					"DEBUG=1",
					"$(inherited)",
				);
				GCC_WARN_64_TO_32_BIT_CONVERSION = YES;
				GCC_WARN_ABOUT_RETURN_TYPE = YES_ERROR;
				GCC_WARN_UNDECLARED_SELECTOR = YES;
				GCC_WARN_UNINITIALIZED_AUTOS = YES_AGGRESSIVE;
				GCC_WARN_UNUSED_FUNCTION = YES;
				GCC_WARN_UNUSED_VARIABLE = YES;
				IPHONEOS_DEPLOYMENT_TARGET = 9.3;
				MTL_ENABLE_DEBUG_INFO = YES;
				ONLY_ACTIVE_ARCH = YES;
				SDKROOT = iphoneos;
				SWIFT_OPTIMIZATION_LEVEL = "-Onone";
				TARGETED_DEVICE_FAMILY = "1,2";
			};
			name = Debug;
		};
		1E235D5F1D820CBA00FE12B8 /* Release */ = {
			isa = XCBuildConfiguration;
			buildSettings = {
				ALWAYS_SEARCH_USER_PATHS = NO;
				CLANG_ANALYZER_NONNULL = YES;
				CLANG_CXX_LANGUAGE_STANDARD = "gnu++0x";
				CLANG_CXX_LIBRARY = "libc++";
				CLANG_ENABLE_MODULES = YES;
				CLANG_ENABLE_OBJC_ARC = YES;
				CLANG_WARN_BOOL_CONVERSION = YES;
				CLANG_WARN_CONSTANT_CONVERSION = YES;
				CLANG_WARN_DIRECT_OBJC_ISA_USAGE = YES_ERROR;
				CLANG_WARN_EMPTY_BODY = YES;
				CLANG_WARN_ENUM_CONVERSION = YES;
				CLANG_WARN_INT_CONVERSION = YES;
				CLANG_WARN_OBJC_ROOT_CLASS = YES_ERROR;
				CLANG_WARN_UNREACHABLE_CODE = YES;
				CLANG_WARN__DUPLICATE_METHOD_MATCH = YES;
				"CODE_SIGN_IDENTITY[sdk=iphoneos*]" = "iPhone Developer";
				COPY_PHASE_STRIP = NO;
				DEBUG_INFORMATION_FORMAT = "dwarf-with-dsym";
				ENABLE_NS_ASSERTIONS = NO;
				ENABLE_STRICT_OBJC_MSGSEND = YES;
				GCC_C_LANGUAGE_STANDARD = gnu99;
				GCC_NO_COMMON_BLOCKS = YES;
				GCC_WARN_64_TO_32_BIT_CONVERSION = YES;
				GCC_WARN_ABOUT_RETURN_TYPE = YES_ERROR;
				GCC_WARN_UNDECLARED_SELECTOR = YES;
				GCC_WARN_UNINITIALIZED_AUTOS = YES_AGGRESSIVE;
				GCC_WARN_UNUSED_FUNCTION = YES;
				GCC_WARN_UNUSED_VARIABLE = YES;
				IPHONEOS_DEPLOYMENT_TARGET = 9.3;
				MTL_ENABLE_DEBUG_INFO = NO;
				SDKROOT = iphoneos;
				TARGETED_DEVICE_FAMILY = "1,2";
				VALIDATE_PRODUCT = YES;
			};
			name = Release;
		};
		1E235D611D820CBA00FE12B8 /* Debug */ = {
			isa = XCBuildConfiguration;
			baseConfigurationReference = 66B2F4F5221EB8D09FDA1730 /* Pods-GustieMenu.debug.xcconfig */;
			buildSettings = {
				ASSETCATALOG_COMPILER_APPICON_NAME = AppIcon;
				CLANG_ENABLE_MODULES = YES;
				DEVELOPMENT_TEAM = WXBH4AY56B;
				INFOPLIST_FILE = "$(SRCROOT)/GustieMenu/Resources/Info.plist";
				LD_RUNPATH_SEARCH_PATHS = "$(inherited) @executable_path/Frameworks";
				PRODUCT_BUNDLE_IDENTIFIER = com.tuckersaude.GustieMenu;
				PRODUCT_NAME = "$(TARGET_NAME)";
				SWIFT_OPTIMIZATION_LEVEL = "-Onone";
				SWIFT_VERSION = 4.2;
			};
			name = Debug;
		};
		1E235D621D820CBA00FE12B8 /* Release */ = {
			isa = XCBuildConfiguration;
			baseConfigurationReference = A66A7D02EC2F90A3951A403F /* Pods-GustieMenu.release.xcconfig */;
			buildSettings = {
				ASSETCATALOG_COMPILER_APPICON_NAME = AppIcon;
				CLANG_ENABLE_MODULES = YES;
				DEVELOPMENT_TEAM = WXBH4AY56B;
				INFOPLIST_FILE = "$(SRCROOT)/GustieMenu/Resources/Info.plist";
				LD_RUNPATH_SEARCH_PATHS = "$(inherited) @executable_path/Frameworks";
				PRODUCT_BUNDLE_IDENTIFIER = com.tuckersaude.GustieMenu;
				PRODUCT_NAME = "$(TARGET_NAME)";
				SWIFT_VERSION = 4.2;
			};
			name = Release;
		};
/* End XCBuildConfiguration section */

/* Begin XCConfigurationList section */
		1E235D3E1D820CBA00FE12B8 /* Build configuration list for PBXProject "GustieMenu" */ = {
			isa = XCConfigurationList;
			buildConfigurations = (
				1E235D5E1D820CBA00FE12B8 /* Debug */,
				1E235D5F1D820CBA00FE12B8 /* Release */,
			);
			defaultConfigurationIsVisible = 0;
			defaultConfigurationName = Release;
		};
		1E235D601D820CBA00FE12B8 /* Build configuration list for PBXNativeTarget "GustieMenu" */ = {
			isa = XCConfigurationList;
			buildConfigurations = (
				1E235D611D820CBA00FE12B8 /* Debug */,
				1E235D621D820CBA00FE12B8 /* Release */,
			);
			defaultConfigurationIsVisible = 0;
			defaultConfigurationName = Release;
		};
/* End XCConfigurationList section */
	};
	rootObject = 1E235D3B1D820CBA00FE12B8 /* Project object */;
}
