// !$*UTF8*$!
{
	archiveVersion = 1;
	classes = {
	};
	objectVersion = 46;
	objects = {

/* Begin PBXBuildFile section */
		1E11027921FD13C4003C4298 /* Environment.swift in Sources */ = {isa = PBXBuildFile; fileRef = 1E11027821FD13C4003C4298 /* Environment.swift */; };
		1E1D670423EA433F000C407C /* RemoteConfig.swift in Sources */ = {isa = PBXBuildFile; fileRef = 1E1D670323EA433F000C407C /* RemoteConfig.swift */; };
		1E1EA5F01D837F9200D1B52F /* AppDelegate.swift in Sources */ = {isa = PBXBuildFile; fileRef = 1E1EA5E91D837F9200D1B52F /* AppDelegate.swift */; };
		1E1EA5F21D837F9200D1B52F /* MenuItem.swift in Sources */ = {isa = PBXBuildFile; fileRef = 1E1EA5EB1D837F9200D1B52F /* MenuItem.swift */; };
		1E1EA5F51D837F9200D1B52F /* Station.swift in Sources */ = {isa = PBXBuildFile; fileRef = 1E1EA5EE1D837F9200D1B52F /* Station.swift */; };
		1E235D4E1D820CBA00FE12B8 /* Assets.xcassets in Resources */ = {isa = PBXBuildFile; fileRef = 1E235D4D1D820CBA00FE12B8 /* Assets.xcassets */; };
		1E5A8C5A23EA53C8009E0AD1 /* Analytics.swift in Sources */ = {isa = PBXBuildFile; fileRef = 1E5A8C5923EA53C8009E0AD1 /* Analytics.swift */; };
		1EBFE9E621FC2AB40042CEA6 /* LaunchScreen.storyboard in Resources */ = {isa = PBXBuildFile; fileRef = 1EBFE9E521FC2AB40042CEA6 /* LaunchScreen.storyboard */; };
		1EFB452B23E6229900C07FE3 /* Menu.swift in Sources */ = {isa = PBXBuildFile; fileRef = 1EFB452A23E6229900C07FE3 /* Menu.swift */; };
		1EFB452D23E68B1B00C07FE3 /* SceneDelegate.swift in Sources */ = {isa = PBXBuildFile; fileRef = 1EFB452C23E68B1B00C07FE3 /* SceneDelegate.swift */; };
		1EFB452F23E7107900C07FE3 /* MenuViewModel.swift in Sources */ = {isa = PBXBuildFile; fileRef = 1EFB452E23E7107900C07FE3 /* MenuViewModel.swift */; };
		1EFB453123E7123600C07FE3 /* MenuView.swift in Sources */ = {isa = PBXBuildFile; fileRef = 1EFB453023E7123600C07FE3 /* MenuView.swift */; };
		1EFB453323E7149E00C07FE3 /* GustieMenuView.swift in Sources */ = {isa = PBXBuildFile; fileRef = 1EFB453223E7149E00C07FE3 /* GustieMenuView.swift */; };
		B4C71660CCAB4003B2344DBC /* Pods_GustieMenu.framework in Frameworks */ = {isa = PBXBuildFile; fileRef = B53210CC50A948978FC1E063 /* Pods_GustieMenu.framework */; };
/* End PBXBuildFile section */

/* Begin PBXFileReference section */
		1E11027721FD1283003C4298 /* debug.xcconfig */ = {isa = PBXFileReference; lastKnownFileType = text.xcconfig; path = debug.xcconfig; sourceTree = "<group>"; };
		1E11027821FD13C4003C4298 /* Environment.swift */ = {isa = PBXFileReference; lastKnownFileType = sourcecode.swift; path = Environment.swift; sourceTree = "<group>"; };
		1E11027A21FD2378003C4298 /* release.xcconfig */ = {isa = PBXFileReference; lastKnownFileType = text.xcconfig; path = release.xcconfig; sourceTree = "<group>"; };
		1E1D670323EA433F000C407C /* RemoteConfig.swift */ = {isa = PBXFileReference; lastKnownFileType = sourcecode.swift; path = RemoteConfig.swift; sourceTree = "<group>"; };
		1E1EA5E91D837F9200D1B52F /* AppDelegate.swift */ = {isa = PBXFileReference; fileEncoding = 4; lastKnownFileType = sourcecode.swift; path = AppDelegate.swift; sourceTree = "<group>"; };
		1E1EA5EB1D837F9200D1B52F /* MenuItem.swift */ = {isa = PBXFileReference; fileEncoding = 4; lastKnownFileType = sourcecode.swift; path = MenuItem.swift; sourceTree = "<group>"; };
		1E1EA5EE1D837F9200D1B52F /* Station.swift */ = {isa = PBXFileReference; fileEncoding = 4; lastKnownFileType = sourcecode.swift; path = Station.swift; sourceTree = "<group>"; };
		1E235D431D820CBA00FE12B8 /* GustieMenu.app */ = {isa = PBXFileReference; explicitFileType = wrapper.application; includeInIndex = 0; path = GustieMenu.app; sourceTree = BUILT_PRODUCTS_DIR; };
		1E235D4D1D820CBA00FE12B8 /* Assets.xcassets */ = {isa = PBXFileReference; lastKnownFileType = folder.assetcatalog; path = Assets.xcassets; sourceTree = "<group>"; };
		1E235D521D820CBA00FE12B8 /* Info.plist */ = {isa = PBXFileReference; lastKnownFileType = text.plist.xml; path = Info.plist; sourceTree = "<group>"; };
		1E5A8C5923EA53C8009E0AD1 /* Analytics.swift */ = {isa = PBXFileReference; lastKnownFileType = sourcecode.swift; path = Analytics.swift; sourceTree = "<group>"; };
		1EBFE9E521FC2AB40042CEA6 /* LaunchScreen.storyboard */ = {isa = PBXFileReference; fileEncoding = 4; lastKnownFileType = file.storyboard; path = LaunchScreen.storyboard; sourceTree = "<group>"; };
		1EFB452A23E6229900C07FE3 /* Menu.swift */ = {isa = PBXFileReference; lastKnownFileType = sourcecode.swift; path = Menu.swift; sourceTree = "<group>"; };
		1EFB452C23E68B1B00C07FE3 /* SceneDelegate.swift */ = {isa = PBXFileReference; lastKnownFileType = sourcecode.swift; path = SceneDelegate.swift; sourceTree = "<group>"; };
		1EFB452E23E7107900C07FE3 /* MenuViewModel.swift */ = {isa = PBXFileReference; lastKnownFileType = sourcecode.swift; path = MenuViewModel.swift; sourceTree = "<group>"; };
		1EFB453023E7123600C07FE3 /* MenuView.swift */ = {isa = PBXFileReference; lastKnownFileType = sourcecode.swift; path = MenuView.swift; sourceTree = "<group>"; };
		1EFB453223E7149E00C07FE3 /* GustieMenuView.swift */ = {isa = PBXFileReference; lastKnownFileType = sourcecode.swift; path = GustieMenuView.swift; sourceTree = "<group>"; };
		2979EEA2E92CDE17AA0BEEE5 /* Pods-GustieMenu.debug.xcconfig */ = {isa = PBXFileReference; includeInIndex = 1; lastKnownFileType = text.xcconfig; name = "Pods-GustieMenu.debug.xcconfig"; path = "Target Support Files/Pods-GustieMenu/Pods-GustieMenu.debug.xcconfig"; sourceTree = "<group>"; };
		B53210CC50A948978FC1E063 /* Pods_GustieMenu.framework */ = {isa = PBXFileReference; explicitFileType = wrapper.framework; includeInIndex = 0; path = Pods_GustieMenu.framework; sourceTree = BUILT_PRODUCTS_DIR; };
		F05813C2195242F8A6B9CA24 /* Pods-GustieMenu.release.xcconfig */ = {isa = PBXFileReference; includeInIndex = 1; lastKnownFileType = text.xcconfig; name = "Pods-GustieMenu.release.xcconfig"; path = "Target Support Files/Pods-GustieMenu/Pods-GustieMenu.release.xcconfig"; sourceTree = "<group>"; };
/* End PBXFileReference section */

/* Begin PBXFrameworksBuildPhase section */
		1E235D401D820CBA00FE12B8 /* Frameworks */ = {
			isa = PBXFrameworksBuildPhase;
			buildActionMask = 2147483647;
			files = (
				B4C71660CCAB4003B2344DBC /* Pods_GustieMenu.framework in Frameworks */,
			);
			runOnlyForDeploymentPostprocessing = 0;
		};
/* End PBXFrameworksBuildPhase section */

/* Begin PBXGroup section */
		1E06FC1121FC1D1300B5ECE0 /* Model */ = {
			isa = PBXGroup;
			children = (
				1E1EA5EB1D837F9200D1B52F /* MenuItem.swift */,
				1E1EA5EE1D837F9200D1B52F /* Station.swift */,
				1EFB452A23E6229900C07FE3 /* Menu.swift */,
			);
			path = Model;
			sourceTree = "<group>";
		};
		1E06FC1221FC1D2B00B5ECE0 /* View */ = {
			isa = PBXGroup;
			children = (
				1EFB453223E7149E00C07FE3 /* GustieMenuView.swift */,
				1EFB453023E7123600C07FE3 /* MenuView.swift */,
				1EFB452E23E7107900C07FE3 /* MenuViewModel.swift */,
			);
			path = View;
			sourceTree = "<group>";
		};
		1E06FC1521FC1DB100B5ECE0 /* Resources */ = {
			isa = PBXGroup;
			children = (
				1E235D4D1D820CBA00FE12B8 /* Assets.xcassets */,
				1E235D521D820CBA00FE12B8 /* Info.plist */,
				1EBFE9E521FC2AB40042CEA6 /* LaunchScreen.storyboard */,
				1E11027621FD1266003C4298 /* Config */,
			);
			path = Resources;
			sourceTree = "<group>";
		};
		1E11027621FD1266003C4298 /* Config */ = {
			isa = PBXGroup;
			children = (
				1E11027721FD1283003C4298 /* debug.xcconfig */,
				1E11027A21FD2378003C4298 /* release.xcconfig */,
			);
			path = Config;
			sourceTree = "<group>";
		};
		1E1D670523EA434C000C407C /* Services */ = {
			isa = PBXGroup;
			children = (
				1E1D670323EA433F000C407C /* RemoteConfig.swift */,
				1E5A8C5923EA53C8009E0AD1 /* Analytics.swift */,
			);
			path = Services;
			sourceTree = "<group>";
		};
		1E235D3A1D820CBA00FE12B8 = {
			isa = PBXGroup;
			children = (
				1E235D451D820CBA00FE12B8 /* GustieMenu */,
				1E235D441D820CBA00FE12B8 /* Products */,
				5234738216FC9253AAB8ADD4 /* Pods */,
				B8D4371272E7C8D88D54997B /* Frameworks */,
			);
			sourceTree = "<group>";
		};
		1E235D441D820CBA00FE12B8 /* Products */ = {
			isa = PBXGroup;
			children = (
				1E235D431D820CBA00FE12B8 /* GustieMenu.app */,
			);
			name = Products;
			sourceTree = "<group>";
		};
		1E235D451D820CBA00FE12B8 /* GustieMenu */ = {
			isa = PBXGroup;
			children = (
				1E1D670523EA434C000C407C /* Services */,
				1E1EA5E91D837F9200D1B52F /* AppDelegate.swift */,
				1E11027821FD13C4003C4298 /* Environment.swift */,
				1EFB452C23E68B1B00C07FE3 /* SceneDelegate.swift */,
				1E06FC1121FC1D1300B5ECE0 /* Model */,
				1E06FC1521FC1DB100B5ECE0 /* Resources */,
				1E06FC1221FC1D2B00B5ECE0 /* View */,
			);
			path = GustieMenu;
			sourceTree = "<group>";
		};
		5234738216FC9253AAB8ADD4 /* Pods */ = {
			isa = PBXGroup;
			children = (
				2979EEA2E92CDE17AA0BEEE5 /* Pods-GustieMenu.debug.xcconfig */,
				F05813C2195242F8A6B9CA24 /* Pods-GustieMenu.release.xcconfig */,
			);
			path = Pods;
			sourceTree = "<group>";
		};
		B8D4371272E7C8D88D54997B /* Frameworks */ = {
			isa = PBXGroup;
			children = (
				B53210CC50A948978FC1E063 /* Pods_GustieMenu.framework */,
			);
			name = Frameworks;
			sourceTree = "<group>";
		};
/* End PBXGroup section */

/* Begin PBXNativeTarget section */
		1E235D421D820CBA00FE12B8 /* GustieMenu */ = {
			isa = PBXNativeTarget;
			buildConfigurationList = 1E235D601D820CBA00FE12B8 /* Build configuration list for PBXNativeTarget "GustieMenu" */;
			buildPhases = (
				B5317580F4243D2E432F16AE /* [CP] Check Pods Manifest.lock */,
				1E235D3F1D820CBA00FE12B8 /* Sources */,
				1E235D401D820CBA00FE12B8 /* Frameworks */,
				1E235D411D820CBA00FE12B8 /* Resources */,
				6F40178296FAD26D2D2E0D24 /* [CP] Embed Pods Frameworks */,
			);
			buildRules = (
			);
			dependencies = (
			);
			name = GustieMenu;
			packageProductDependencies = (
			);
			productName = GustieMenu;
			productReference = 1E235D431D820CBA00FE12B8 /* GustieMenu.app */;
			productType = "com.apple.product-type.application";
		};
/* End PBXNativeTarget section */

/* Begin PBXProject section */
		1E235D3B1D820CBA00FE12B8 /* Project object */ = {
			isa = PBXProject;
			attributes = {
				LastSwiftUpdateCheck = 0730;
				LastUpgradeCheck = 1130;
				ORGANIZATIONNAME = "Tucker Saude";
				TargetAttributes = {
					1E235D421D820CBA00FE12B8 = {
						CreatedOnToolsVersion = 7.3.1;
						DevelopmentTeam = WXBH4AY56B;
						LastSwiftMigration = 1130;
					};
				};
			};
			buildConfigurationList = 1E235D3E1D820CBA00FE12B8 /* Build configuration list for PBXProject "GustieMenu" */;
			compatibilityVersion = "Xcode 3.2";
			developmentRegion = en;
			hasScannedForEncodings = 0;
			knownRegions = (
				en,
				Base,
			);
			mainGroup = 1E235D3A1D820CBA00FE12B8;
			packageReferences = (
			);
			productRefGroup = 1E235D441D820CBA00FE12B8 /* Products */;
			projectDirPath = "";
			projectRoot = "";
			targets = (
				1E235D421D820CBA00FE12B8 /* GustieMenu */,
			);
		};
/* End PBXProject section */

/* Begin PBXResourcesBuildPhase section */
		1E235D411D820CBA00FE12B8 /* Resources */ = {
			isa = PBXResourcesBuildPhase;
			buildActionMask = 2147483647;
			files = (
				1EBFE9E621FC2AB40042CEA6 /* LaunchScreen.storyboard in Resources */,
				1E235D4E1D820CBA00FE12B8 /* Assets.xcassets in Resources */,
			);
			runOnlyForDeploymentPostprocessing = 0;
		};
/* End PBXResourcesBuildPhase section */

/* Begin PBXShellScriptBuildPhase section */
		6F40178296FAD26D2D2E0D24 /* [CP] Embed Pods Frameworks */ = {
			isa = PBXShellScriptBuildPhase;
			buildActionMask = 2147483647;
			files = (
			);
			inputPaths = (
				"${PODS_ROOT}/Target Support Files/Pods-GustieMenu/Pods-GustieMenu-frameworks.sh",
				"${BUILT_PRODUCTS_DIR}/GoogleUtilities/GoogleUtilities.framework",
				"${BUILT_PRODUCTS_DIR}/PromisesObjC/FBLPromises.framework",
				"${BUILT_PRODUCTS_DIR}/Protobuf/protobuf.framework",
				"${BUILT_PRODUCTS_DIR}/nanopb/nanopb.framework",
			);
			name = "[CP] Embed Pods Frameworks";
			outputPaths = (
				"${TARGET_BUILD_DIR}/${FRAMEWORKS_FOLDER_PATH}/GoogleUtilities.framework",
				"${TARGET_BUILD_DIR}/${FRAMEWORKS_FOLDER_PATH}/FBLPromises.framework",
				"${TARGET_BUILD_DIR}/${FRAMEWORKS_FOLDER_PATH}/protobuf.framework",
				"${TARGET_BUILD_DIR}/${FRAMEWORKS_FOLDER_PATH}/nanopb.framework",
			);
			runOnlyForDeploymentPostprocessing = 0;
			shellPath = /bin/sh;
			shellScript = "\"${PODS_ROOT}/Target Support Files/Pods-GustieMenu/Pods-GustieMenu-frameworks.sh\"\n";
			showEnvVarsInLog = 0;
		};
		B5317580F4243D2E432F16AE /* [CP] Check Pods Manifest.lock */ = {
			isa = PBXShellScriptBuildPhase;
			buildActionMask = 2147483647;
			files = (
			);
			inputFileListPaths = (
			);
			inputPaths = (
				"${PODS_PODFILE_DIR_PATH}/Podfile.lock",
				"${PODS_ROOT}/Manifest.lock",
			);
			name = "[CP] Check Pods Manifest.lock";
			outputFileListPaths = (
			);
			outputPaths = (
				"$(DERIVED_FILE_DIR)/Pods-GustieMenu-checkManifestLockResult.txt",
			);
			runOnlyForDeploymentPostprocessing = 0;
			shellPath = /bin/sh;
			shellScript = "diff \"${PODS_PODFILE_DIR_PATH}/Podfile.lock\" \"${PODS_ROOT}/Manifest.lock\" > /dev/null\nif [ $? != 0 ] ; then\n    # print error to STDERR\n    echo \"error: The sandbox is not in sync with the Podfile.lock. Run 'pod install' or update your CocoaPods installation.\" >&2\n    exit 1\nfi\n# This output is used by Xcode 'outputs' to avoid re-running this script phase.\necho \"SUCCESS\" > \"${SCRIPT_OUTPUT_FILE_0}\"\n";
			showEnvVarsInLog = 0;
		};
/* End PBXShellScriptBuildPhase section */

/* Begin PBXSourcesBuildPhase section */
		1E235D3F1D820CBA00FE12B8 /* Sources */ = {
			isa = PBXSourcesBuildPhase;
			buildActionMask = 2147483647;
			files = (
				1E1EA5F21D837F9200D1B52F /* MenuItem.swift in Sources */,
				1E1D670423EA433F000C407C /* RemoteConfig.swift in Sources */,
				1EFB453323E7149E00C07FE3 /* GustieMenuView.swift in Sources */,
				1EFB452F23E7107900C07FE3 /* MenuViewModel.swift in Sources */,
				1E5A8C5A23EA53C8009E0AD1 /* Analytics.swift in Sources */,
				1EFB452B23E6229900C07FE3 /* Menu.swift in Sources */,
				1EFB453123E7123600C07FE3 /* MenuView.swift in Sources */,
				1EFB452D23E68B1B00C07FE3 /* SceneDelegate.swift in Sources */,
				1E1EA5F51D837F9200D1B52F /* Station.swift in Sources */,
				1E1EA5F01D837F9200D1B52F /* AppDelegate.swift in Sources */,
				1E11027921FD13C4003C4298 /* Environment.swift in Sources */,
			);
			runOnlyForDeploymentPostprocessing = 0;
		};
/* End PBXSourcesBuildPhase section */

/* Begin XCBuildConfiguration section */
		1E235D5E1D820CBA00FE12B8 /* Debug */ = {
			isa = XCBuildConfiguration;
			buildSettings = {
				ALWAYS_SEARCH_USER_PATHS = NO;
				CLANG_ANALYZER_LOCALIZABILITY_NONLOCALIZED = YES;
				CLANG_ANALYZER_NONNULL = YES;
				CLANG_CXX_LANGUAGE_STANDARD = "gnu++0x";
				CLANG_CXX_LIBRARY = "libc++";
				CLANG_ENABLE_MODULES = YES;
				CLANG_ENABLE_OBJC_ARC = YES;
				CLANG_WARN_BLOCK_CAPTURE_AUTORELEASING = YES;
				CLANG_WARN_BOOL_CONVERSION = YES;
				CLANG_WARN_COMMA = YES;
				CLANG_WARN_CONSTANT_CONVERSION = YES;
				CLANG_WARN_DEPRECATED_OBJC_IMPLEMENTATIONS = YES;
				CLANG_WARN_DIRECT_OBJC_ISA_USAGE = YES_ERROR;
				CLANG_WARN_EMPTY_BODY = YES;
				CLANG_WARN_ENUM_CONVERSION = YES;
				CLANG_WARN_INFINITE_RECURSION = YES;
				CLANG_WARN_INT_CONVERSION = YES;
				CLANG_WARN_NON_LITERAL_NULL_CONVERSION = YES;
				CLANG_WARN_OBJC_IMPLICIT_RETAIN_SELF = YES;
				CLANG_WARN_OBJC_LITERAL_CONVERSION = YES;
				CLANG_WARN_OBJC_ROOT_CLASS = YES_ERROR;
				CLANG_WARN_RANGE_LOOP_ANALYSIS = YES;
				CLANG_WARN_STRICT_PROTOTYPES = YES;
				CLANG_WARN_SUSPICIOUS_MOVE = YES;
				CLANG_WARN_UNREACHABLE_CODE = YES;
				CLANG_WARN__DUPLICATE_METHOD_MATCH = YES;
				"CODE_SIGN_IDENTITY[sdk=iphoneos*]" = "iPhone Developer";
				COPY_PHASE_STRIP = NO;
				DEBUG_INFORMATION_FORMAT = dwarf;
				ENABLE_STRICT_OBJC_MSGSEND = YES;
				ENABLE_TESTABILITY = YES;
				GCC_C_LANGUAGE_STANDARD = gnu99;
				GCC_DYNAMIC_NO_PIC = NO;
				GCC_NO_COMMON_BLOCKS = YES;
				GCC_OPTIMIZATION_LEVEL = 0;
				GCC_PREPROCESSOR_DEFINITIONS = (
					"DEBUG=1",
					"$(inherited)",
				);
				GCC_WARN_64_TO_32_BIT_CONVERSION = YES;
				GCC_WARN_ABOUT_RETURN_TYPE = YES_ERROR;
				GCC_WARN_UNDECLARED_SELECTOR = YES;
				GCC_WARN_UNINITIALIZED_AUTOS = YES_AGGRESSIVE;
				GCC_WARN_UNUSED_FUNCTION = YES;
				GCC_WARN_UNUSED_VARIABLE = YES;
				IPHONEOS_DEPLOYMENT_TARGET = 13.0;
				MTL_ENABLE_DEBUG_INFO = YES;
				ONLY_ACTIVE_ARCH = YES;
				SDKROOT = iphoneos;
				SWIFT_OPTIMIZATION_LEVEL = "-Onone";
				TARGETED_DEVICE_FAMILY = "1,2";
			};
			name = Debug;
		};
		1E235D5F1D820CBA00FE12B8 /* Release */ = {
			isa = XCBuildConfiguration;
			buildSettings = {
				ALWAYS_SEARCH_USER_PATHS = NO;
				CLANG_ANALYZER_LOCALIZABILITY_NONLOCALIZED = YES;
				CLANG_ANALYZER_NONNULL = YES;
				CLANG_CXX_LANGUAGE_STANDARD = "gnu++0x";
				CLANG_CXX_LIBRARY = "libc++";
				CLANG_ENABLE_MODULES = YES;
				CLANG_ENABLE_OBJC_ARC = YES;
				CLANG_WARN_BLOCK_CAPTURE_AUTORELEASING = YES;
				CLANG_WARN_BOOL_CONVERSION = YES;
				CLANG_WARN_COMMA = YES;
				CLANG_WARN_CONSTANT_CONVERSION = YES;
				CLANG_WARN_DEPRECATED_OBJC_IMPLEMENTATIONS = YES;
				CLANG_WARN_DIRECT_OBJC_ISA_USAGE = YES_ERROR;
				CLANG_WARN_EMPTY_BODY = YES;
				CLANG_WARN_ENUM_CONVERSION = YES;
				CLANG_WARN_INFINITE_RECURSION = YES;
				CLANG_WARN_INT_CONVERSION = YES;
				CLANG_WARN_NON_LITERAL_NULL_CONVERSION = YES;
				CLANG_WARN_OBJC_IMPLICIT_RETAIN_SELF = YES;
				CLANG_WARN_OBJC_LITERAL_CONVERSION = YES;
				CLANG_WARN_OBJC_ROOT_CLASS = YES_ERROR;
				CLANG_WARN_RANGE_LOOP_ANALYSIS = YES;
				CLANG_WARN_STRICT_PROTOTYPES = YES;
				CLANG_WARN_SUSPICIOUS_MOVE = YES;
				CLANG_WARN_UNREACHABLE_CODE = YES;
				CLANG_WARN__DUPLICATE_METHOD_MATCH = YES;
				"CODE_SIGN_IDENTITY[sdk=iphoneos*]" = "iPhone Developer";
				COPY_PHASE_STRIP = NO;
				DEBUG_INFORMATION_FORMAT = "dwarf-with-dsym";
				ENABLE_NS_ASSERTIONS = NO;
				ENABLE_STRICT_OBJC_MSGSEND = YES;
				GCC_C_LANGUAGE_STANDARD = gnu99;
				GCC_NO_COMMON_BLOCKS = YES;
				GCC_WARN_64_TO_32_BIT_CONVERSION = YES;
				GCC_WARN_ABOUT_RETURN_TYPE = YES_ERROR;
				GCC_WARN_UNDECLARED_SELECTOR = YES;
				GCC_WARN_UNINITIALIZED_AUTOS = YES_AGGRESSIVE;
				GCC_WARN_UNUSED_FUNCTION = YES;
				GCC_WARN_UNUSED_VARIABLE = YES;
				IPHONEOS_DEPLOYMENT_TARGET = 13.0;
				MTL_ENABLE_DEBUG_INFO = NO;
				SDKROOT = iphoneos;
				SWIFT_COMPILATION_MODE = wholemodule;
				TARGETED_DEVICE_FAMILY = "1,2";
				VALIDATE_PRODUCT = YES;
			};
			name = Release;
		};
		1E235D611D820CBA00FE12B8 /* Debug */ = {
			isa = XCBuildConfiguration;
			baseConfigurationReference = 1E11027721FD1283003C4298 /* debug.xcconfig */;
			buildSettings = {
				ASSETCATALOG_COMPILER_APPICON_NAME = AppIcon;
				CLANG_ENABLE_MODULES = YES;
				DEVELOPMENT_TEAM = WXBH4AY56B;
				ENABLE_PREVIEWS = YES;
				GCC_PREPROCESSOR_DEFINITIONS = "$(inherited)";
				INFOPLIST_FILE = "$(SRCROOT)/GustieMenu/Resources/Info.plist";
				IPHONEOS_DEPLOYMENT_TARGET = 13.0;
				LD_RUNPATH_SEARCH_PATHS = "$(inherited) @executable_path/Frameworks";
				MARKETING_VERSION = 3.0;
				PRODUCT_BUNDLE_IDENTIFIER = com.TuckerSaude.GustieMenu.debug;
				PRODUCT_NAME = "$(TARGET_NAME)";
				"SWIFT_ACTIVE_COMPILATION_CONDITIONS[arch=*]" = DEBUG;
				SWIFT_OPTIMIZATION_LEVEL = "-Onone";
				SWIFT_VERSION = 5.0;
			};
			name = Debug;
		};
		1E235D621D820CBA00FE12B8 /* Release */ = {
			isa = XCBuildConfiguration;
			baseConfigurationReference = 1E11027A21FD2378003C4298 /* release.xcconfig */;
			buildSettings = {
				ASSETCATALOG_COMPILER_APPICON_NAME = AppIcon;
				CLANG_ENABLE_MODULES = YES;
				DEVELOPMENT_TEAM = WXBH4AY56B;
				ENABLE_PREVIEWS = YES;
				GCC_PREPROCESSOR_DEFINITIONS = "$(inherited)";
				INFOPLIST_FILE = "$(SRCROOT)/GustieMenu/Resources/Info.plist";
				IPHONEOS_DEPLOYMENT_TARGET = 13.0;
				LD_RUNPATH_SEARCH_PATHS = "$(inherited) @executable_path/Frameworks";
				MARKETING_VERSION = 3.0;
				PRODUCT_BUNDLE_IDENTIFIER = com.TuckerSaude.GustieMenu;
				PRODUCT_NAME = "$(TARGET_NAME)";
				SWIFT_VERSION = 5.0;
			};
			name = Release;
		};
/* End XCBuildConfiguration section */

/* Begin XCConfigurationList section */
		1E235D3E1D820CBA00FE12B8 /* Build configuration list for PBXProject "GustieMenu" */ = {
			isa = XCConfigurationList;
			buildConfigurations = (
				1E235D5E1D820CBA00FE12B8 /* Debug */,
				1E235D5F1D820CBA00FE12B8 /* Release */,
			);
			defaultConfigurationIsVisible = 0;
			defaultConfigurationName = Release;
		};
		1E235D601D820CBA00FE12B8 /* Build configuration list for PBXNativeTarget "GustieMenu" */ = {
			isa = XCConfigurationList;
			buildConfigurations = (
				1E235D611D820CBA00FE12B8 /* Debug */,
				1E235D621D820CBA00FE12B8 /* Release */,
			);
			defaultConfigurationIsVisible = 0;
			defaultConfigurationName = Release;
		};
/* End XCConfigurationList section */
	};
	rootObject = 1E235D3B1D820CBA00FE12B8 /* Project object */;
}
